
Microsoft Visual Studio Solution File, Format Version 12.00
Project("{FAE04EC0-301F-11D3-BF4B-00C04F79EFBC}") = "TP_Gestion_Ecole", "TP_Gestion_Ecole.csproj", "{5223AD24-B28B-429D-AEC8-2F94930C0A0B}"
EndProject
Global
	GlobalSection(SolutionConfigurationPlatforms) = preSolution
		Debug|Any CPU = Debug|Any CPU
		Release|Any CPU = Release|Any CPU
	EndGlobalSection
	GlobalSection(ProjectConfigurationPlatforms) = postSolution
		{5223AD24-B28B-429D-AEC8-2F94930C0A0B}.Debug|Any CPU.ActiveCfg = Debug|Any CPU
		{5223AD24-B28B-429D-AEC8-2F94930C0A0B}.Debug|Any CPU.Build.0 = Debug|Any CPU
		{5223AD24-B28B-429D-AEC8-2F94930C0A0B}.Release|Any CPU.ActiveCfg = Release|Any CPU
		{5223AD24-B28B-429D-AEC8-2F94930C0A0B}.Release|Any CPU.Build.0 = Release|Any CPU
	EndGlobalSection
EndGlobal
