
Microsoft Visual Studio Solution File, Format Version 12.00
Project("{FAE04EC0-301F-11D3-BF4B-00C04F79EFBC}") = "TP_GestionGarages", "TP_GestionGarages\TP_GestionGarages.csproj", "{C50B6A66-D860-404F-8F0F-2473390AD175}"
EndProject
Global
	GlobalSection(SolutionConfigurationPlatforms) = preSolution
		Debug|Any CPU = Debug|Any CPU
		Release|Any CPU = Release|Any CPU
	EndGlobalSection
	GlobalSection(ProjectConfigurationPlatforms) = postSolution
		{C50B6A66-D860-404F-8F0F-2473390AD175}.Debug|Any CPU.ActiveCfg = Debug|Any CPU
		{C50B6A66-D860-404F-8F0F-2473390AD175}.Debug|Any CPU.Build.0 = Debug|Any CPU
		{C50B6A66-D860-404F-8F0F-2473390AD175}.Release|Any CPU.ActiveCfg = Release|Any CPU
		{C50B6A66-D860-404F-8F0F-2473390AD175}.Release|Any CPU.Build.0 = Release|Any CPU
	EndGlobalSection
EndGlobal
